
Microsoft Visual Studio Solution File, Format Version 12.00
# Visual Studio Version 16
VisualStudioVersion = 16.0.32126.315
MinimumVisualStudioVersion = 10.0.40219.1
Project("{2150E333-8FDC-42A3-9474-1A3956D46DE8}") = "Service", "Service", "{4BBC8AA8-88D4-4C21-9BBA-D9B49D680B6F}"
EndProject
Project("{2150E333-8FDC-42A3-9474-1A3956D46DE8}") = "FrontEnd", "FrontEnd", "{52C7E5C7-EBF1-4841-ABD0-2ED4EEAFD52D}"
EndProject
Project("{9A19103F-16F7-4668-BE54-9A1E7A4F7556}") = "IdentityServer", "IdentityServer\IdentityServer.csproj", "{9D155B51-A651-415F-9F86-8B861E117B54}"
EndProject
Project("{9A19103F-16F7-4668-BE54-9A1E7A4F7556}") = "FrontEnd", "FrontEnd\FrontEnd.csproj", "{DB95A242-67AE-4C49-9F5E-F151CBD8575E}"
EndProject
Project("{9A19103F-16F7-4668-BE54-9A1E7A4F7556}") = "API_Product", "API_Product\API_Product.csproj", "{79608651-12BD-41CE-87AC-711872332637}"
EndProject
Project("{9A19103F-16F7-4668-BE54-9A1E7A4F7556}") = "API_Cart", "API_Cart\API_Cart.csproj", "{75B2BA20-ED59-44CE-BEE5-D7B4763DFBA5}"
EndProject
Project("{9A19103F-16F7-4668-BE54-9A1E7A4F7556}") = "API_Coupon", "API_Coupon\API_Coupon.csproj", "{07C7F758-B40F-4A89-9A74-22A3812BDAFD}"
EndProject
Project("{2150E333-8FDC-42A3-9474-1A3956D46DE8}") = "Integration", "Integration", "{B34289BF-B5D0-405D-878E-A7A05D76128F}"
EndProject
Project("{9A19103F-16F7-4668-BE54-9A1E7A4F7556}") = "MessageBus", "MessageBus\MessageBus.csproj", "{6066115D-D371-4AB2-814E-F0899ED61BBE}"
EndProject
Project("{2150E333-8FDC-42A3-9474-1A3956D46DE8}") = "Docker", "Docker", "{567E3E46-D47C-4B2F-A197-FD8B631F6953}"
	ProjectSection(SolutionItems) = preProject
		docker-compose.yaml = docker-compose.yaml
	EndProjectSection
EndProject
Project("{9A19103F-16F7-4668-BE54-9A1E7A4F7556}") = "API_Order", "API_Order\API_Order.csproj", "{6D4FECDB-35C9-4301-9EFD-084A4ACF6B06}"
EndProject
Project("{2150E333-8FDC-42A3-9474-1A3956D46DE8}") = "Payments", "Payments", "{071D3CE4-E8D0-46BE-BDE7-6788578CEE8D}"
EndProject
Project("{9A19103F-16F7-4668-BE54-9A1E7A4F7556}") = "PaymentProcessor", "PaymentProcessor\PaymentProcessor.csproj", "{2814F54A-9D11-46A8-B4AA-EA15B67E9DF8}"
EndProject
Project("{9A19103F-16F7-4668-BE54-9A1E7A4F7556}") = "API_PaymentAPI", "API_PaymentAPI\API_PaymentAPI.csproj", "{FB91D443-FACF-412C-B956-CE257EA96149}"
EndProject
Project("{9A19103F-16F7-4668-BE54-9A1E7A4F7556}") = "Provedor_Email", "Provedor_Email\Provedor_Email.csproj", "{C4CD0AA8-3D03-4725-853B-2F461B4598AF}"
EndProject
Project("{2150E333-8FDC-42A3-9474-1A3956D46DE8}") = "Gateway", "Gateway", "{7F0EA3D1-089D-426B-ABA1-E83D166A6832}"
EndProject
Project("{FAE04EC0-301F-11D3-BF4B-00C04F79EFBC}") = "API_Gateway", "API_Gateway\API_Gateway.csproj", "{D784CCAD-5F39-4D03-B320-8D985AF6E055}"
EndProject
Global
	GlobalSection(SolutionConfigurationPlatforms) = preSolution
		Debug|Any CPU = Debug|Any CPU
		Release|Any CPU = Release|Any CPU
	EndGlobalSection
	GlobalSection(ProjectConfigurationPlatforms) = postSolution
		{9D155B51-A651-415F-9F86-8B861E117B54}.Debug|Any CPU.ActiveCfg = Debug|Any CPU
		{9D155B51-A651-415F-9F86-8B861E117B54}.Debug|Any CPU.Build.0 = Debug|Any CPU
		{9D155B51-A651-415F-9F86-8B861E117B54}.Release|Any CPU.ActiveCfg = Release|Any CPU
		{9D155B51-A651-415F-9F86-8B861E117B54}.Release|Any CPU.Build.0 = Release|Any CPU
		{DB95A242-67AE-4C49-9F5E-F151CBD8575E}.Debug|Any CPU.ActiveCfg = Debug|Any CPU
		{DB95A242-67AE-4C49-9F5E-F151CBD8575E}.Debug|Any CPU.Build.0 = Debug|Any CPU
		{DB95A242-67AE-4C49-9F5E-F151CBD8575E}.Release|Any CPU.ActiveCfg = Release|Any CPU
		{DB95A242-67AE-4C49-9F5E-F151CBD8575E}.Release|Any CPU.Build.0 = Release|Any CPU
		{79608651-12BD-41CE-87AC-711872332637}.Debug|Any CPU.ActiveCfg = Debug|Any CPU
		{79608651-12BD-41CE-87AC-711872332637}.Debug|Any CPU.Build.0 = Debug|Any CPU
		{79608651-12BD-41CE-87AC-711872332637}.Release|Any CPU.ActiveCfg = Release|Any CPU
		{79608651-12BD-41CE-87AC-711872332637}.Release|Any CPU.Build.0 = Release|Any CPU
		{75B2BA20-ED59-44CE-BEE5-D7B4763DFBA5}.Debug|Any CPU.ActiveCfg = Debug|Any CPU
		{75B2BA20-ED59-44CE-BEE5-D7B4763DFBA5}.Debug|Any CPU.Build.0 = Debug|Any CPU
		{75B2BA20-ED59-44CE-BEE5-D7B4763DFBA5}.Release|Any CPU.ActiveCfg = Release|Any CPU
		{75B2BA20-ED59-44CE-BEE5-D7B4763DFBA5}.Release|Any CPU.Build.0 = Release|Any CPU
		{07C7F758-B40F-4A89-9A74-22A3812BDAFD}.Debug|Any CPU.ActiveCfg = Debug|Any CPU
		{07C7F758-B40F-4A89-9A74-22A3812BDAFD}.Debug|Any CPU.Build.0 = Debug|Any CPU
		{07C7F758-B40F-4A89-9A74-22A3812BDAFD}.Release|Any CPU.ActiveCfg = Release|Any CPU
		{07C7F758-B40F-4A89-9A74-22A3812BDAFD}.Release|Any CPU.Build.0 = Release|Any CPU
		{6066115D-D371-4AB2-814E-F0899ED61BBE}.Debug|Any CPU.ActiveCfg = Debug|Any CPU
		{6066115D-D371-4AB2-814E-F0899ED61BBE}.Debug|Any CPU.Build.0 = Debug|Any CPU
		{6066115D-D371-4AB2-814E-F0899ED61BBE}.Release|Any CPU.ActiveCfg = Release|Any CPU
		{6066115D-D371-4AB2-814E-F0899ED61BBE}.Release|Any CPU.Build.0 = Release|Any CPU
		{6D4FECDB-35C9-4301-9EFD-084A4ACF6B06}.Debug|Any CPU.ActiveCfg = Debug|Any CPU
		{6D4FECDB-35C9-4301-9EFD-084A4ACF6B06}.Debug|Any CPU.Build.0 = Debug|Any CPU
		{6D4FECDB-35C9-4301-9EFD-084A4ACF6B06}.Release|Any CPU.ActiveCfg = Release|Any CPU
		{6D4FECDB-35C9-4301-9EFD-084A4ACF6B06}.Release|Any CPU.Build.0 = Release|Any CPU
		{2814F54A-9D11-46A8-B4AA-EA15B67E9DF8}.Debug|Any CPU.ActiveCfg = Debug|Any CPU
		{2814F54A-9D11-46A8-B4AA-EA15B67E9DF8}.Debug|Any CPU.Build.0 = Debug|Any CPU
		{2814F54A-9D11-46A8-B4AA-EA15B67E9DF8}.Release|Any CPU.ActiveCfg = Release|Any CPU
		{2814F54A-9D11-46A8-B4AA-EA15B67E9DF8}.Release|Any CPU.Build.0 = Release|Any CPU
		{FB91D443-FACF-412C-B956-CE257EA96149}.Debug|Any CPU.ActiveCfg = Debug|Any CPU
		{FB91D443-FACF-412C-B956-CE257EA96149}.Debug|Any CPU.Build.0 = Debug|Any CPU
		{FB91D443-FACF-412C-B956-CE257EA96149}.Release|Any CPU.ActiveCfg = Release|Any CPU
		{FB91D443-FACF-412C-B956-CE257EA96149}.Release|Any CPU.Build.0 = Release|Any CPU
		{C4CD0AA8-3D03-4725-853B-2F461B4598AF}.Debug|Any CPU.ActiveCfg = Debug|Any CPU
		{C4CD0AA8-3D03-4725-853B-2F461B4598AF}.Debug|Any CPU.Build.0 = Debug|Any CPU
		{C4CD0AA8-3D03-4725-853B-2F461B4598AF}.Release|Any CPU.ActiveCfg = Release|Any CPU
		{C4CD0AA8-3D03-4725-853B-2F461B4598AF}.Release|Any CPU.Build.0 = Release|Any CPU
		{D784CCAD-5F39-4D03-B320-8D985AF6E055}.Debug|Any CPU.ActiveCfg = Debug|Any CPU
		{D784CCAD-5F39-4D03-B320-8D985AF6E055}.Debug|Any CPU.Build.0 = Debug|Any CPU
		{D784CCAD-5F39-4D03-B320-8D985AF6E055}.Release|Any CPU.ActiveCfg = Release|Any CPU
		{D784CCAD-5F39-4D03-B320-8D985AF6E055}.Release|Any CPU.Build.0 = Release|Any CPU
	EndGlobalSection
	GlobalSection(SolutionProperties) = preSolution
		HideSolutionNode = FALSE
	EndGlobalSection
	GlobalSection(NestedProjects) = preSolution
		{9D155B51-A651-415F-9F86-8B861E117B54} = {4BBC8AA8-88D4-4C21-9BBA-D9B49D680B6F}
		{DB95A242-67AE-4C49-9F5E-F151CBD8575E} = {52C7E5C7-EBF1-4841-ABD0-2ED4EEAFD52D}
		{79608651-12BD-41CE-87AC-711872332637} = {4BBC8AA8-88D4-4C21-9BBA-D9B49D680B6F}
		{75B2BA20-ED59-44CE-BEE5-D7B4763DFBA5} = {4BBC8AA8-88D4-4C21-9BBA-D9B49D680B6F}
		{07C7F758-B40F-4A89-9A74-22A3812BDAFD} = {4BBC8AA8-88D4-4C21-9BBA-D9B49D680B6F}
		{6066115D-D371-4AB2-814E-F0899ED61BBE} = {B34289BF-B5D0-405D-878E-A7A05D76128F}
		{6D4FECDB-35C9-4301-9EFD-084A4ACF6B06} = {4BBC8AA8-88D4-4C21-9BBA-D9B49D680B6F}
		{2814F54A-9D11-46A8-B4AA-EA15B67E9DF8} = {071D3CE4-E8D0-46BE-BDE7-6788578CEE8D}
		{FB91D443-FACF-412C-B956-CE257EA96149} = {4BBC8AA8-88D4-4C21-9BBA-D9B49D680B6F}
		{C4CD0AA8-3D03-4725-853B-2F461B4598AF} = {4BBC8AA8-88D4-4C21-9BBA-D9B49D680B6F}
		{D784CCAD-5F39-4D03-B320-8D985AF6E055} = {7F0EA3D1-089D-426B-ABA1-E83D166A6832}
	EndGlobalSection
	GlobalSection(ExtensibilityGlobals) = postSolution
		SolutionGuid = {74882173-1AE0-4D1E-9D08-F51EFECED763}
	EndGlobalSection
EndGlobal
